
Microsoft Visual Studio Solution File, Format Version 12.00
# Visual Studio 2015
Project("{FAE04EC0-301F-11D3-BF4B-00C04F79EFBC}") = "MyUnityFrameWork.CSharp", "MyUnityFrameWork.CSharp.csproj", "{1797A571-40AF-260B-ECBC-DAEF0283A201}"
EndProject
Project("{FAE04EC0-301F-11D3-BF4B-00C04F79EFBC}") = "MyUnityFrameWork.CSharp.Editor", "MyUnityFrameWork.CSharp.Editor.csproj", "{D9AE4A23-0935-1424-01DF-CEBAAF2E001F}"
EndProject
Global
	GlobalSection(SolutionConfigurationPlatforms) = preSolution
		Debug|Any CPU = Debug|Any CPU
		Release|Any CPU = Release|Any CPU
	EndGlobalSection
	GlobalSection(ProjectConfigurationPlatforms) = postSolution
		{1797A571-40AF-260B-ECBC-DAEF0283A201}.Debug|Any CPU.ActiveCfg = Debug|Any CPU
		{1797A571-40AF-260B-ECBC-DAEF0283A201}.Debug|Any CPU.Build.0 = Debug|Any CPU
		{1797A571-40AF-260B-ECBC-DAEF0283A201}.Release|Any CPU.ActiveCfg = Release|Any CPU
		{1797A571-40AF-260B-ECBC-DAEF0283A201}.Release|Any CPU.Build.0 = Release|Any CPU
		{D9AE4A23-0935-1424-01DF-CEBAAF2E001F}.Debug|Any CPU.ActiveCfg = Debug|Any CPU
		{D9AE4A23-0935-1424-01DF-CEBAAF2E001F}.Debug|Any CPU.Build.0 = Debug|Any CPU
		{D9AE4A23-0935-1424-01DF-CEBAAF2E001F}.Release|Any CPU.ActiveCfg = Release|Any CPU
		{D9AE4A23-0935-1424-01DF-CEBAAF2E001F}.Release|Any CPU.Build.0 = Release|Any CPU
	EndGlobalSection
	GlobalSection(SolutionProperties) = preSolution
		HideSolutionNode = FALSE
	EndGlobalSection
EndGlobal
