
Microsoft Visual Studio Solution File, Format Version 12.00
# Visual Studio 2015
Project("{FAE04EC0-301F-11D3-BF4B-00C04F79EFBC}") = "ScrollDemo20161129.CSharp", "ScrollDemo20161129.CSharp.csproj", "{BFFA23A9-8E7E-7648-44F1-6E7C0C25D637}"
EndProject
Project("{FAE04EC0-301F-11D3-BF4B-00C04F79EFBC}") = "ScrollDemo20161129.CSharp.Editor", "ScrollDemo20161129.CSharp.Editor.csproj", "{FFBE05F2-D40C-5BC4-C411-0B1827066E90}"
EndProject
Global
	GlobalSection(SolutionConfigurationPlatforms) = preSolution
		Debug|Any CPU = Debug|Any CPU
		Release|Any CPU = Release|Any CPU
	EndGlobalSection
	GlobalSection(ProjectConfigurationPlatforms) = postSolution
		{BFFA23A9-8E7E-7648-44F1-6E7C0C25D637}.Debug|Any CPU.ActiveCfg = Debug|Any CPU
		{BFFA23A9-8E7E-7648-44F1-6E7C0C25D637}.Debug|Any CPU.Build.0 = Debug|Any CPU
		{BFFA23A9-8E7E-7648-44F1-6E7C0C25D637}.Release|Any CPU.ActiveCfg = Release|Any CPU
		{BFFA23A9-8E7E-7648-44F1-6E7C0C25D637}.Release|Any CPU.Build.0 = Release|Any CPU
		{FFBE05F2-D40C-5BC4-C411-0B1827066E90}.Debug|Any CPU.ActiveCfg = Debug|Any CPU
		{FFBE05F2-D40C-5BC4-C411-0B1827066E90}.Debug|Any CPU.Build.0 = Debug|Any CPU
		{FFBE05F2-D40C-5BC4-C411-0B1827066E90}.Release|Any CPU.ActiveCfg = Release|Any CPU
		{FFBE05F2-D40C-5BC4-C411-0B1827066E90}.Release|Any CPU.Build.0 = Release|Any CPU
	EndGlobalSection
	GlobalSection(SolutionProperties) = preSolution
		HideSolutionNode = FALSE
	EndGlobalSection
EndGlobal
