
Microsoft Visual Studio Solution File, Format Version 12.00
# Visual Studio 2015
Project("{FAE04EC0-301F-11D3-BF4B-00C04F79EFBC}") = "AnimDemo20161206.CSharp", "AnimDemo20161206.CSharp.csproj", "{79150685-E50E-EEBC-4234-6B8FE2426389}"
EndProject
Global
	GlobalSection(SolutionConfigurationPlatforms) = preSolution
		Debug|Any CPU = Debug|Any CPU
		Release|Any CPU = Release|Any CPU
	EndGlobalSection
	GlobalSection(ProjectConfigurationPlatforms) = postSolution
		{79150685-E50E-EEBC-4234-6B8FE2426389}.Debug|Any CPU.ActiveCfg = Debug|Any CPU
		{79150685-E50E-EEBC-4234-6B8FE2426389}.Debug|Any CPU.Build.0 = Debug|Any CPU
		{79150685-E50E-EEBC-4234-6B8FE2426389}.Release|Any CPU.ActiveCfg = Release|Any CPU
		{79150685-E50E-EEBC-4234-6B8FE2426389}.Release|Any CPU.Build.0 = Release|Any CPU
	EndGlobalSection
	GlobalSection(SolutionProperties) = preSolution
		HideSolutionNode = FALSE
	EndGlobalSection
EndGlobal
