
Microsoft Visual Studio Solution File, Format Version 12.00
# Visual Studio 2015
Project("{FAE04EC0-301F-11D3-BF4B-00C04F79EFBC}") = "DemoXmlJson.CSharp", "DemoXmlJson.CSharp.csproj", "{8278D0B7-9808-7AF7-EA08-370C5D468685}"
EndProject
Project("{FAE04EC0-301F-11D3-BF4B-00C04F79EFBC}") = "DemoXmlJson.CSharp.Editor", "DemoXmlJson.CSharp.Editor.csproj", "{5FE79AB2-1F70-080E-F1F9-CB63B903B821}"
EndProject
Global
	GlobalSection(SolutionConfigurationPlatforms) = preSolution
		Debug|Any CPU = Debug|Any CPU
		Release|Any CPU = Release|Any CPU
	EndGlobalSection
	GlobalSection(ProjectConfigurationPlatforms) = postSolution
		{8278D0B7-9808-7AF7-EA08-370C5D468685}.Debug|Any CPU.ActiveCfg = Debug|Any CPU
		{8278D0B7-9808-7AF7-EA08-370C5D468685}.Debug|Any CPU.Build.0 = Debug|Any CPU
		{8278D0B7-9808-7AF7-EA08-370C5D468685}.Release|Any CPU.ActiveCfg = Release|Any CPU
		{8278D0B7-9808-7AF7-EA08-370C5D468685}.Release|Any CPU.Build.0 = Release|Any CPU
		{5FE79AB2-1F70-080E-F1F9-CB63B903B821}.Debug|Any CPU.ActiveCfg = Debug|Any CPU
		{5FE79AB2-1F70-080E-F1F9-CB63B903B821}.Debug|Any CPU.Build.0 = Debug|Any CPU
		{5FE79AB2-1F70-080E-F1F9-CB63B903B821}.Release|Any CPU.ActiveCfg = Release|Any CPU
		{5FE79AB2-1F70-080E-F1F9-CB63B903B821}.Release|Any CPU.Build.0 = Release|Any CPU
	EndGlobalSection
	GlobalSection(SolutionProperties) = preSolution
		HideSolutionNode = FALSE
	EndGlobalSection
EndGlobal
