
Microsoft Visual Studio Solution File, Format Version 12.00
# Visual Studio 2015
Project("{FAE04EC0-301F-11D3-BF4B-00C04F79EFBC}") = "Danmu.CSharp", "Danmu.CSharp.csproj", "{4198A35B-6247-2081-B2FC-D0FF1A82E9F7}"
EndProject
Project("{FAE04EC0-301F-11D3-BF4B-00C04F79EFBC}") = "Danmu.CSharp.Editor", "Danmu.CSharp.Editor.csproj", "{2CE20791-DDFE-6459-5CE0-9BF8333447FE}"
EndProject
Global
	GlobalSection(SolutionConfigurationPlatforms) = preSolution
		Debug|Any CPU = Debug|Any CPU
		Release|Any CPU = Release|Any CPU
	EndGlobalSection
	GlobalSection(ProjectConfigurationPlatforms) = postSolution
		{4198A35B-6247-2081-B2FC-D0FF1A82E9F7}.Debug|Any CPU.ActiveCfg = Debug|Any CPU
		{4198A35B-6247-2081-B2FC-D0FF1A82E9F7}.Debug|Any CPU.Build.0 = Debug|Any CPU
		{4198A35B-6247-2081-B2FC-D0FF1A82E9F7}.Release|Any CPU.ActiveCfg = Release|Any CPU
		{4198A35B-6247-2081-B2FC-D0FF1A82E9F7}.Release|Any CPU.Build.0 = Release|Any CPU
		{2CE20791-DDFE-6459-5CE0-9BF8333447FE}.Debug|Any CPU.ActiveCfg = Debug|Any CPU
		{2CE20791-DDFE-6459-5CE0-9BF8333447FE}.Debug|Any CPU.Build.0 = Debug|Any CPU
		{2CE20791-DDFE-6459-5CE0-9BF8333447FE}.Release|Any CPU.ActiveCfg = Release|Any CPU
		{2CE20791-DDFE-6459-5CE0-9BF8333447FE}.Release|Any CPU.Build.0 = Release|Any CPU
	EndGlobalSection
	GlobalSection(SolutionProperties) = preSolution
		HideSolutionNode = FALSE
	EndGlobalSection
EndGlobal
