
Microsoft Visual Studio Solution File, Format Version 12.00
# Visual Studio 2015
Project("{FAE04EC0-301F-11D3-BF4B-00C04F79EFBC}") = "CameraDemo.CSharp", "CameraDemo.CSharp.csproj", "{7FD295A7-3CD4-7975-1260-C8A8131DC1B6}"
EndProject
Project("{FAE04EC0-301F-11D3-BF4B-00C04F79EFBC}") = "CameraDemo.CSharp.Editor", "CameraDemo.CSharp.Editor.csproj", "{AC1568B2-1DE4-9A7D-124A-8C1AE0360896}"
EndProject
Global
	GlobalSection(SolutionConfigurationPlatforms) = preSolution
		Debug|Any CPU = Debug|Any CPU
		Release|Any CPU = Release|Any CPU
	EndGlobalSection
	GlobalSection(ProjectConfigurationPlatforms) = postSolution
		{7FD295A7-3CD4-7975-1260-C8A8131DC1B6}.Debug|Any CPU.ActiveCfg = Debug|Any CPU
		{7FD295A7-3CD4-7975-1260-C8A8131DC1B6}.Debug|Any CPU.Build.0 = Debug|Any CPU
		{7FD295A7-3CD4-7975-1260-C8A8131DC1B6}.Release|Any CPU.ActiveCfg = Release|Any CPU
		{7FD295A7-3CD4-7975-1260-C8A8131DC1B6}.Release|Any CPU.Build.0 = Release|Any CPU
		{AC1568B2-1DE4-9A7D-124A-8C1AE0360896}.Debug|Any CPU.ActiveCfg = Debug|Any CPU
		{AC1568B2-1DE4-9A7D-124A-8C1AE0360896}.Debug|Any CPU.Build.0 = Debug|Any CPU
		{AC1568B2-1DE4-9A7D-124A-8C1AE0360896}.Release|Any CPU.ActiveCfg = Release|Any CPU
		{AC1568B2-1DE4-9A7D-124A-8C1AE0360896}.Release|Any CPU.Build.0 = Release|Any CPU
	EndGlobalSection
	GlobalSection(SolutionProperties) = preSolution
		HideSolutionNode = FALSE
	EndGlobalSection
EndGlobal
