
Microsoft Visual Studio Solution File, Format Version 12.00
# Visual Studio 2015
Project("{FAE04EC0-301F-11D3-BF4B-00C04F79EFBC}") = "PixelDash.CSharp", "PixelDash.CSharp.csproj", "{BAE0FD4F-B817-148C-33A8-627A74BDCB84}"
EndProject
Project("{FAE04EC0-301F-11D3-BF4B-00C04F79EFBC}") = "PixelDash.CSharp.Editor", "PixelDash.CSharp.Editor.csproj", "{BBAD2192-64F7-7A69-ECF3-CFCBA4ABB6A0}"
EndProject
Global
	GlobalSection(SolutionConfigurationPlatforms) = preSolution
		Debug|Any CPU = Debug|Any CPU
		Release|Any CPU = Release|Any CPU
	EndGlobalSection
	GlobalSection(ProjectConfigurationPlatforms) = postSolution
		{BAE0FD4F-B817-148C-33A8-627A74BDCB84}.Debug|Any CPU.ActiveCfg = Debug|Any CPU
		{BAE0FD4F-B817-148C-33A8-627A74BDCB84}.Debug|Any CPU.Build.0 = Debug|Any CPU
		{BAE0FD4F-B817-148C-33A8-627A74BDCB84}.Release|Any CPU.ActiveCfg = Release|Any CPU
		{BAE0FD4F-B817-148C-33A8-627A74BDCB84}.Release|Any CPU.Build.0 = Release|Any CPU
		{BBAD2192-64F7-7A69-ECF3-CFCBA4ABB6A0}.Debug|Any CPU.ActiveCfg = Debug|Any CPU
		{BBAD2192-64F7-7A69-ECF3-CFCBA4ABB6A0}.Debug|Any CPU.Build.0 = Debug|Any CPU
		{BBAD2192-64F7-7A69-ECF3-CFCBA4ABB6A0}.Release|Any CPU.ActiveCfg = Release|Any CPU
		{BBAD2192-64F7-7A69-ECF3-CFCBA4ABB6A0}.Release|Any CPU.Build.0 = Release|Any CPU
	EndGlobalSection
	GlobalSection(SolutionProperties) = preSolution
		HideSolutionNode = FALSE
	EndGlobalSection
EndGlobal
